<?xml version="1.0" encoding="utf-8"?>
<Project ToolsVersion="4.0" xmlns="http://schemas.microsoft.com/developer/msbuild/2003">
  <ItemGroup>
    <Filter Include="Source Files">
      <UniqueIdentifier>{4FC737F1-C7A5-4376-A066-2A32D752A2FF}</UniqueIdentifier>
      <Extensions>cpp;c;cc;cxx;c++;cppm;ixx;def;odl;idl;hpj;bat;asm;asmx</Extensions>
    </Filter>
    <Filter Include="Header Files">
      <UniqueIdentifier>{93995380-89BD-4b04-88EB-625FBE52EBFB}</UniqueIdentifier>
      <Extensions>h;hh;hpp;hxx;h++;hm;inl;inc;ipp;xsd</Extensions>
    </Filter>
    <Filter Include="Resource Files">
      <UniqueIdentifier>{67DA6AB6-F800-4c08-8B7A-83BB121AAD01}</UniqueIdentifier>
      <Extensions>rc;ico;cur;bmp;dlg;rc2;rct;bin;rgs;gif;jpg;jpeg;jpe;resx;tiff;tif;png;wav;mfcribbon-ms</Extensions>
    </Filter>
    <Filter Include="Graphics">
      <UniqueIdentifier>{8d1b495a-6428-4ea8-9bb3-0f31c06c09cc}</UniqueIdentifier>
    </Filter>
    <Filter Include="Graphics\Shaders">
      <UniqueIdentifier>{755d81ae-0376-4db8-82ef-555e00522562}</UniqueIdentifier>
    </Filter>
    <Filter Include="Graphics\ShaderManager">
      <UniqueIdentifier>{df1bac7f-a7c2-40db-a31b-19141363b6e2}</UniqueIdentifier>
    </Filter>
    <Filter Include="Graphics\Meshes">
      <UniqueIdentifier>{97271fe8-145c-40c2-ad0b-eba0201aa77d}</UniqueIdentifier>
    </Filter>
    <Filter Include="Graphics\Meshes\VAOManager">
      <UniqueIdentifier>{1ec42f94-d5b2-4551-b7d7-4819e0f63e76}</UniqueIdentifier>
    </Filter>
    <Filter Include="Graphics\Light Manager">
      <UniqueIdentifier>{a9405f2c-fa1e-4829-8652-592c008be91e}</UniqueIdentifier>
    </Filter>
    <Filter Include="Header Files\Configuration">
      <UniqueIdentifier>{d2545441-9f47-489c-b0af-4603794ebfa5}</UniqueIdentifier>
    </Filter>
    <Filter Include="Source Files\Physics">
      <UniqueIdentifier>{ddc28693-3fc3-47e3-9850-9d88a29b8da8}</UniqueIdentifier>
    </Filter>
    <Filter Include="Source Files\Configuration">
      <UniqueIdentifier>{84f716da-efce-480f-aaec-9fe8bc2cb5fd}</UniqueIdentifier>
    </Filter>
    <Filter Include="Resource Files\Configs">
      <UniqueIdentifier>{82c323d7-ccbf-442b-a16e-126384c05dfa}</UniqueIdentifier>
    </Filter>
    <Filter Include="GameObject">
      <UniqueIdentifier>{1275f6f3-8b6b-4919-8eb6-b6b5b335c0e3}</UniqueIdentifier>
    </Filter>
    <Filter Include="Header Files\Physics">
      <UniqueIdentifier>{6c5663bc-6625-469d-8ebe-4235694c7737}</UniqueIdentifier>
    </Filter>
  </ItemGroup>
  <ItemGroup>
    <ClCompile Include="theMain.cpp">
      <Filter>Source Files</Filter>
    </ClCompile>
    <ClCompile Include="glad.c">
      <Filter>Source Files</Filter>
    </ClCompile>
    <ClCompile Include="cShader.cpp">
      <Filter>Graphics\ShaderManager</Filter>
    </ClCompile>
    <ClCompile Include="cShaderManager.cpp">
      <Filter>Graphics\ShaderManager</Filter>
    </ClCompile>
    <ClCompile Include="cVAOManager.cpp">
      <Filter>Graphics\Meshes\VAOManager</Filter>
    </ClCompile>
    <ClCompile Include="cMesh.cpp">
      <Filter>Graphics\Meshes</Filter>
    </ClCompile>
    <ClCompile Include="cLightManager.cpp">
      <Filter>Graphics\Light Manager</Filter>
    </ClCompile>
    <ClCompile Include="Patricle.cpp">
      <Filter>Source Files\Physics</Filter>
    </ClCompile>
    <ClCompile Include="Helpers.cpp">
      <Filter>Source Files\Physics</Filter>
    </ClCompile>
    <ClCompile Include="ParticleWorld.cpp">
      <Filter>Source Files\Physics</Filter>
    </ClCompile>
    <ClCompile Include="ParticleForceRegistry.cpp">
      <Filter>Source Files\Physics</Filter>
    </ClCompile>
    <ClCompile Include="GravityGenerator.cpp">
      <Filter>Source Files\Physics</Filter>
    </ClCompile>
    <ClCompile Include="ObjectLoader.cpp">
      <Filter>Source Files\Configuration</Filter>
    </ClCompile>
    <ClCompile Include="CannonLoader.cpp">
      <Filter>Source Files\Configuration</Filter>
    </ClCompile>
    <ClCompile Include="JsonHelpers.cpp">
      <Filter>Source Files\Configuration</Filter>
    </ClCompile>
    <ClCompile Include="GameObject.cpp">
      <Filter>GameObject</Filter>
    </ClCompile>
    <ClCompile Include="Projectile.cpp">
      <Filter>Source Files\Physics</Filter>
    </ClCompile>
    <ClCompile Include="ParticleContact.h">
      <Filter>Header Files\Physics</Filter>
    </ClCompile>
    <ClCompile Include="ParticleContact.cpp">
      <Filter>Source Files\Physics</Filter>
    </ClCompile>
    <ClCompile Include="particleContactGenerators.h">
      <Filter>Header Files\Physics</Filter>
    </ClCompile>
    <ClCompile Include="particleContactGenerators.cpp">
      <Filter>Source Files\Physics</Filter>
    </ClCompile>
    <ClCompile Include="ParticleConstraints.cpp">
      <Filter>Source Files\Physics</Filter>
    </ClCompile>
    <ClCompile Include="PinballToys.cpp">
      <Filter>Source Files</Filter>
    </ClCompile>
    <ClCompile Include="Arena.cpp">
      <Filter>Source Files</Filter>
    </ClCompile>
    <ClCompile Include="PinballObjectBuilder.cpp">
      <Filter>Source Files</Filter>
    </ClCompile>
    <ClCompile Include="ParticleContactResolver.cpp">
      <Filter>Source Files\Physics</Filter>
    </ClCompile>
    <ClCompile Include="DrawObject_function.cpp">
      <Filter>Graphics</Filter>
    </ClCompile>
  </ItemGroup>
  <ItemGroup>
    <ClInclude Include="cShaderManager.h">
      <Filter>Graphics\ShaderManager</Filter>
    </ClInclude>
    <ClInclude Include="cVAOManager.h">
      <Filter>Graphics\Meshes\VAOManager</Filter>
    </ClInclude>
    <ClInclude Include="GLCommon.h">
      <Filter>Header Files</Filter>
    </ClInclude>
    <ClInclude Include="sVertex_types.h">
      <Filter>Source Files</Filter>
    </ClInclude>
    <ClInclude Include="cMesh.h">
      <Filter>Graphics\Meshes</Filter>
    </ClInclude>
    <ClInclude Include="cLightManager.h">
      <Filter>Graphics\Light Manager</Filter>
    </ClInclude>
    <ClInclude Include="Particle.h">
      <Filter>Header Files\Physics</Filter>
    </ClInclude>
    <ClInclude Include="glmIncludes.h">
      <Filter>Header Files</Filter>
    </ClInclude>
    <ClInclude Include="helpers.h">
      <Filter>Header Files\Physics</Filter>
    </ClInclude>
    <ClInclude Include="ParicleWorld.h">
      <Filter>Header Files\Physics</Filter>
    </ClInclude>
    <ClInclude Include="ForceRegistry.h">
      <Filter>Header Files\Physics</Filter>
    </ClInclude>
    <ClInclude Include="iParticleForceGenerator.h">
      <Filter>Header Files\Physics</Filter>
    </ClInclude>
    <ClInclude Include="GravityGenerator.h">
      <Filter>Header Files\Physics</Filter>
    </ClInclude>
    <ClInclude Include="Projectile.h">
      <Filter>Header Files\Physics</Filter>
    </ClInclude>
    <ClInclude Include="CannonLoader.h">
      <Filter>Header Files\Configuration</Filter>
    </ClInclude>
    <ClInclude Include="ObjectLoader.h">
      <Filter>Header Files\Configuration</Filter>
    </ClInclude>
    <ClInclude Include="JsonHelpers.h">
      <Filter>Header Files\Configuration</Filter>
    </ClInclude>
    <ClInclude Include="iGameObject.h">
      <Filter>GameObject</Filter>
    </ClInclude>
    <ClInclude Include="GameObject.h">
      <Filter>GameObject</Filter>
    </ClInclude>
    <ClInclude Include="ParticleContactResolver.h">
      <Filter>Header Files\Physics</Filter>
    </ClInclude>
    <ClInclude Include="iParticleContactGenerator.h">
      <Filter>Header Files\Physics</Filter>
    </ClInclude>
    <ClInclude Include="ParticleConstraints.h">
      <Filter>Header Files\Physics</Filter>
    </ClInclude>
    <ClInclude Include="PinballToys.h">
      <Filter>GameObject</Filter>
    </ClInclude>
    <ClInclude Include="Arena.h">
      <Filter>GameObject</Filter>
    </ClInclude>
    <ClInclude Include="PinballObjectBuilder.h">
      <Filter>Header Files</Filter>
    </ClInclude>
  </ItemGroup>
  <ItemGroup>
    <None Include="assets\shaders\fragShader_01.glsl">
      <Filter>Graphics\Shaders</Filter>
    </None>
    <None Include="assets\shaders\vertShader_01.glsl">
      <Filter>Graphics\Shaders</Filter>
    </None>
    <None Include="configs\CannonConfig.json">
      <Filter>Resource Files\Configs</Filter>
    </None>
    <None Include="configs\ObjectConfig.json">
      <Filter>Resource Files\Configs</Filter>
    </None>
    <None Include="configs\ArenaConfig.json">
      <Filter>Resource Files\Configs</Filter>
    </None>
  </ItemGroup>
</Project>